
Microsoft Visual Studio Solution File, Format Version 12.00
# Visual Studio Version 16
VisualStudioVersion = 16.0.30011.22
MinimumVisualStudioVersion = 10.0.40219.1
Project("{FAE04EC0-301F-11D3-BF4B-00C04F79EFBC}") = "NetCore.API", "NetCore.API\NetCore.API.csproj", "{0A56D296-C730-4C14-B1D7-D5E85A5AC6EC}"
EndProject
Global
	GlobalSection(SolutionConfigurationPlatforms) = preSolution
		Debug|Any CPU = Debug|Any CPU
		Release|Any CPU = Release|Any CPU
	EndGlobalSection
	GlobalSection(ProjectConfigurationPlatforms) = postSolution
		{0A56D296-C730-4C14-B1D7-D5E85A5AC6EC}.Debug|Any CPU.ActiveCfg = Debug|Any CPU
		{0A56D296-C730-4C14-B1D7-D5E85A5AC6EC}.Debug|Any CPU.Build.0 = Debug|Any CPU
		{0A56D296-C730-4C14-B1D7-D5E85A5AC6EC}.Release|Any CPU.ActiveCfg = Release|Any CPU
		{0A56D296-C730-4C14-B1D7-D5E85A5AC6EC}.Release|Any CPU.Build.0 = Release|Any CPU
	EndGlobalSection
	GlobalSection(SolutionProperties) = preSolution
		HideSolutionNode = FALSE
	EndGlobalSection
	GlobalSection(ExtensibilityGlobals) = postSolution
		SolutionGuid = {AE8691F3-D240-42DC-B697-D57DD1350373}
	EndGlobalSection
EndGlobal
